// !$*UTF8*$!
{
	archiveVersion = 1;
	classes = {
	};
	objectVersion = 46;
	objects = {

/* Begin PBXBuildFile section */
		1CC38F261D74439300DC6F3B /* main.m in Sources */ = {isa = PBXBuildFile; fileRef = 1CC38F251D74439300DC6F3B /* main.m */; };
		1CC38F291D74439300DC6F3B /* AppDelegate.m in Sources */ = {isa = PBXBuildFile; fileRef = 1CC38F281D74439300DC6F3B /* AppDelegate.m */; };
		1CC38F311D74439500DC6F3B /* Assets.xcassets in Resources */ = {isa = PBXBuildFile; fileRef = 1CC38F301D74439500DC6F3B /* Assets.xcassets */; };
		1CC38F341D74439800DC6F3B /* LaunchScreen.storyboard in Resources */ = {isa = PBXBuildFile; fileRef = 1CC38F321D74439800DC6F3B /* LaunchScreen.storyboard */; };
		1CC38F3E1D7443D900DC6F3B /* View.m in Sources */ = {isa = PBXBuildFile; fileRef = 1CC38F3C1D7443D900DC6F3B /* View.m */; };
		1CC38F3F1D7443D900DC6F3B /* View.xib in Resources */ = {isa = PBXBuildFile; fileRef = 1CC38F3D1D7443D900DC6F3B /* View.xib */; };
/* End PBXBuildFile section */

/* Begin PBXFileReference section */
		1CC38F211D74439300DC6F3B /* BT2.app */ = {isa = PBXFileReference; explicitFileType = wrapper.application; includeInIndex = 0; path = BT2.app; sourceTree = BUILT_PRODUCTS_DIR; };
		1CC38F251D74439300DC6F3B /* main.m */ = {isa = PBXFileReference; lastKnownFileType = sourcecode.c.objc; path = main.m; sourceTree = "<group>"; };
		1CC38F271D74439300DC6F3B /* AppDelegate.h */ = {isa = PBXFileReference; lastKnownFileType = sourcecode.c.h; path = AppDelegate.h; sourceTree = "<group>"; };
		1CC38F281D74439300DC6F3B /* AppDelegate.m */ = {isa = PBXFileReference; lastKnownFileType = sourcecode.c.objc; path = AppDelegate.m; sourceTree = "<group>"; };
		1CC38F301D74439500DC6F3B /* Assets.xcassets */ = {isa = PBXFileReference; lastKnownFileType = folder.assetcatalog; path = Assets.xcassets; sourceTree = "<group>"; };
		1CC38F331D74439800DC6F3B /* Base */ = {isa = PBXFileReference; lastKnownFileType = file.storyboard; name = Base; path = Base.lproj/LaunchScreen.storyboard; sourceTree = "<group>"; };
		1CC38F351D74439900DC6F3B /* Info.plist */ = {isa = PBXFileReference; lastKnownFileType = text.plist.xml; path = Info.plist; sourceTree = "<group>"; };
		1CC38F3B1D7443D900DC6F3B /* View.h */ = {isa = PBXFileReference; fileEncoding = 4; lastKnownFileType = sourcecode.c.h; path = View.h; sourceTree = "<group>"; };
		1CC38F3C1D7443D900DC6F3B /* View.m */ = {isa = PBXFileReference; fileEncoding = 4; lastKnownFileType = sourcecode.c.objc; path = View.m; sourceTree = "<group>"; };
		1CC38F3D1D7443D900DC6F3B /* View.xib */ = {isa = PBXFileReference; fileEncoding = 4; lastKnownFileType = file.xib; path = View.xib; sourceTree = "<group>"; };
/* End PBXFileReference section */

/* Begin PBXFrameworksBuildPhase section */
		1CC38F1E1D74439200DC6F3B /* Frameworks */ = {
			isa = PBXFrameworksBuildPhase;
			buildActionMask = 2147483647;
			files = (
			);
			runOnlyForDeploymentPostprocessing = 0;
		};
/* End PBXFrameworksBuildPhase section */

/* Begin PBXGroup section */
		1CC38F181D74438F00DC6F3B = {
			isa = PBXGroup;
			children = (
				1CC38F231D74439300DC6F3B /* BT2 */,
				1CC38F221D74439300DC6F3B /* Products */,
			);
			sourceTree = "<group>";
		};
		1CC38F221D74439300DC6F3B /* Products */ = {
			isa = PBXGroup;
			children = (
				1CC38F211D74439300DC6F3B /* BT2.app */,
			);
			name = Products;
			sourceTree = "<group>";
		};
		1CC38F231D74439300DC6F3B /* BT2 */ = {
			isa = PBXGroup;
			children = (
				1CC38F271D74439300DC6F3B /* AppDelegate.h */,
				1CC38F281D74439300DC6F3B /* AppDelegate.m */,
				1CC38F3B1D7443D900DC6F3B /* View.h */,
				1CC38F3C1D7443D900DC6F3B /* View.m */,
				1CC38F3D1D7443D900DC6F3B /* View.xib */,
				1CC38F301D74439500DC6F3B /* Assets.xcassets */,
				1CC38F321D74439800DC6F3B /* LaunchScreen.storyboard */,
				1CC38F351D74439900DC6F3B /* Info.plist */,
				1CC38F241D74439300DC6F3B /* Supporting Files */,
			);
			path = BT2;
			sourceTree = "<group>";
		};
		1CC38F241D74439300DC6F3B /* Supporting Files */ = {
			isa = PBXGroup;
			children = (
				1CC38F251D74439300DC6F3B /* main.m */,
			);
			name = "Supporting Files";
			sourceTree = "<group>";
		};
/* End PBXGroup section */

/* Begin PBXNativeTarget section */
		1CC38F201D74439200DC6F3B /* BT2 */ = {
			isa = PBXNativeTarget;
			buildConfigurationList = 1CC38F381D74439900DC6F3B /* Build configuration list for PBXNativeTarget "BT2" */;
			buildPhases = (
				1CC38F1D1D74439200DC6F3B /* Sources */,
				1CC38F1E1D74439200DC6F3B /* Frameworks */,
				1CC38F1F1D74439200DC6F3B /* Resources */,
			);
			buildRules = (
			);
			dependencies = (
			);
			name = BT2;
			productName = BT2;
			productReference = 1CC38F211D74439300DC6F3B /* BT2.app */;
			productType = "com.apple.product-type.application";
		};
/* End PBXNativeTarget section */

/* Begin PBXProject section */
		1CC38F191D74439000DC6F3B /* Project object */ = {
			isa = PBXProject;
			attributes = {
				LastUpgradeCheck = 0800;
				ORGANIZATIONNAME = "Nguyen Ngoc Minh";
				TargetAttributes = {
					1CC38F201D74439200DC6F3B = {
						CreatedOnToolsVersion = 8.0;
						ProvisioningStyle = Automatic;
					};
				};
			};
			buildConfigurationList = 1CC38F1C1D74439000DC6F3B /* Build configuration list for PBXProject "BT2" */;
			compatibilityVersion = "Xcode 3.2";
			developmentRegion = English;
			hasScannedForEncodings = 0;
			knownRegions = (
				en,
				Base,
			);
			mainGroup = 1CC38F181D74438F00DC6F3B;
			productRefGroup = 1CC38F221D74439300DC6F3B /* Products */;
			projectDirPath = "";
			projectRoot = "";
			targets = (
				1CC38F201D74439200DC6F3B /* BT2 */,
			);
		};
/* End PBXProject section */

/* Begin PBXResourcesBuildPhase section */
		1CC38F1F1D74439200DC6F3B /* Resources */ = {
			isa = PBXResourcesBuildPhase;
			buildActionMask = 2147483647;
			files = (
				1CC38F3F1D7443D900DC6F3B /* View.xib in Resources */,
				1CC38F341D74439800DC6F3B /* LaunchScreen.storyboard in Resources */,
				1CC38F311D74439500DC6F3B /* Assets.xcassets in Resources */,
			);
			runOnlyForDeploymentPostprocessing = 0;
		};
/* End PBXResourcesBuildPhase section */

/* Begin PBXSourcesBuildPhase section */
		1CC38F1D1D74439200DC6F3B /* Sources */ = {
			isa = PBXSourcesBuildPhase;
			buildActionMask = 2147483647;
			files = (
				1CC38F3E1D7443D900DC6F3B /* View.m in Sources */,
				1CC38F291D74439300DC6F3B /* AppDelegate.m in Sources */,
				1CC38F261D74439300DC6F3B /* main.m in Sources */,
			);
			runOnlyForDeploymentPostprocessing = 0;
		};
/* End PBXSourcesBuildPhase section */

/* Begin PBXVariantGroup section */
		1CC38F321D74439800DC6F3B /* LaunchScreen.storyboard */ = {
			isa = PBXVariantGroup;
			children = (
				1CC38F331D74439800DC6F3B /* Base */,
			);
			name = LaunchScreen.storyboard;
			sourceTree = "<group>";
		};
/* End PBXVariantGroup section */

/* Begin XCBuildConfiguration section */
		1CC38F361D74439900DC6F3B /* Debug */ = {
			isa = XCBuildConfiguration;
			buildSettings = {
				ALWAYS_SEARCH_USER_PATHS = NO;
				CLANG_ANALYZER_NONNULL = YES;
				CLANG_CXX_LANGUAGE_STANDARD = "gnu++0x";
				CLANG_CXX_LIBRARY = "libc++";
				CLANG_ENABLE_MODULES = YES;
				CLANG_ENABLE_OBJC_ARC = YES;
				CLANG_WARN_BOOL_CONVERSION = YES;
				CLANG_WARN_CONSTANT_CONVERSION = YES;
				CLANG_WARN_DIRECT_OBJC_ISA_USAGE = YES_ERROR;
				CLANG_WARN_DOCUMENTATION_COMMENTS = YES;
				CLANG_WARN_EMPTY_BODY = YES;
				CLANG_WARN_ENUM_CONVERSION = YES;
				CLANG_WARN_INFINITE_RECURSION = YES;
				CLANG_WARN_INT_CONVERSION = YES;
				CLANG_WARN_OBJC_ROOT_CLASS = YES_ERROR;
				CLANG_WARN_SUSPICIOUS_MOVES = YES;
				CLANG_WARN_UNREACHABLE_CODE = YES;
				CLANG_WARN__DUPLICATE_METHOD_MATCH = YES;
				"CODE_SIGN_IDENTITY[sdk=iphoneos*]" = "iPhone Developer";
				COPY_PHASE_STRIP = NO;
				DEBUG_INFORMATION_FORMAT = dwarf;
				ENABLE_STRICT_OBJC_MSGSEND = YES;
				ENABLE_TESTABILITY = YES;
				GCC_C_LANGUAGE_STANDARD = gnu99;
				GCC_DYNAMIC_NO_PIC = NO;
				GCC_NO_COMMON_BLOCKS = YES;
				GCC_OPTIMIZATION_LEVEL = 0;
				GCC_PREPROCESSOR_DEFINITIONS = (
					"DEBUG=1",
					"$(inherited)",
				);
				GCC_WARN_64_TO_32_BIT_CONVERSION = YES;
				GCC_WARN_ABOUT_RETURN_TYPE = YES_ERROR;
				GCC_WARN_UNDECLARED_SELECTOR = YES;
				GCC_WARN_UNINITIALIZED_AUTOS = YES_AGGRESSIVE;
				GCC_WARN_UNUSED_FUNCTION = YES;
				GCC_WARN_UNUSED_VARIABLE = YES;
				IPHONEOS_DEPLOYMENT_TARGET = 10.0;
				MTL_ENABLE_DEBUG_INFO = YES;
				ONLY_ACTIVE_ARCH = YES;
				SDKROOT = iphoneos;
			};
			name = Debug;
		};
		1CC38F371D74439900DC6F3B /* Release */ = {
			isa = XCBuildConfiguration;
			buildSettings = {
				ALWAYS_SEARCH_USER_PATHS = NO;
				CLANG_ANALYZER_NONNULL = YES;
				CLANG_CXX_LANGUAGE_STANDARD = "gnu++0x";
				CLANG_CXX_LIBRARY = "libc++";
				CLANG_ENABLE_MODULES = YES;
				CLANG_ENABLE_OBJC_ARC = YES;
				CLANG_WARN_BOOL_CONVERSION = YES;
				CLANG_WARN_CONSTANT_CONVERSION = YES;
				CLANG_WARN_DIRECT_OBJC_ISA_USAGE = YES_ERROR;
				CLANG_WARN_DOCUMENTATION_COMMENTS = YES;
				CLANG_WARN_EMPTY_BODY = YES;
				CLANG_WARN_ENUM_CONVERSION = YES;
				CLANG_WARN_INFINITE_RECURSION = YES;
				CLANG_WARN_INT_CONVERSION = YES;
				CLANG_WARN_OBJC_ROOT_CLASS = YES_ERROR;
				CLANG_WARN_SUSPICIOUS_MOVES = YES;
				CLANG_WARN_UNREACHABLE_CODE = YES;
				CLANG_WARN__DUPLICATE_METHOD_MATCH = YES;
				"CODE_SIGN_IDENTITY[sdk=iphoneos*]" = "iPhone Developer";
				COPY_PHASE_STRIP = NO;
				DEBUG_INFORMATION_FORMAT = "dwarf-with-dsym";
				ENABLE_NS_ASSERTIONS = NO;
				ENABLE_STRICT_OBJC_MSGSEND = YES;
				GCC_C_LANGUAGE_STANDARD = gnu99;
				GCC_NO_COMMON_BLOCKS = YES;
				GCC_WARN_64_TO_32_BIT_CONVERSION = YES;
				GCC_WARN_ABOUT_RETURN_TYPE = YES_ERROR;
				GCC_WARN_UNDECLARED_SELECTOR = YES;
				GCC_WARN_UNINITIALIZED_AUTOS = YES_AGGRESSIVE;
				GCC_WARN_UNUSED_FUNCTION = YES;
				GCC_WARN_UNUSED_VARIABLE = YES;
				IPHONEOS_DEPLOYMENT_TARGET = 10.0;
				MTL_ENABLE_DEBUG_INFO = NO;
				SDKROOT = iphoneos;
				VALIDATE_PRODUCT = YES;
			};
			name = Release;
		};
		1CC38F391D74439900DC6F3B /* Debug */ = {
			isa = XCBuildConfiguration;
			buildSettings = {
				ASSETCATALOG_COMPILER_APPICON_NAME = AppIcon;
				INFOPLIST_FILE = BT2/Info.plist;
				LD_RUNPATH_SEARCH_PATHS = "$(inherited) @executable_path/Frameworks";
				PRODUCT_BUNDLE_IDENTIFIER = nguyenngocminh.com.vn.BT2;
				PRODUCT_NAME = "$(TARGET_NAME)";
			};
			name = Debug;
		};
		1CC38F3A1D74439900DC6F3B /* Release */ = {
			isa = XCBuildConfiguration;
			buildSettings = {
				ASSETCATALOG_COMPILER_APPICON_NAME = AppIcon;
				INFOPLIST_FILE = BT2/Info.plist;
				LD_RUNPATH_SEARCH_PATHS = "$(inherited) @executable_path/Frameworks";
				PRODUCT_BUNDLE_IDENTIFIER = nguyenngocminh.com.vn.BT2;
				PRODUCT_NAME = "$(TARGET_NAME)";
			};
			name = Release;
		};
/* End XCBuildConfiguration section */

/* Begin XCConfigurationList section */
		1CC38F1C1D74439000DC6F3B /* Build configuration list for PBXProject "BT2" */ = {
			isa = XCConfigurationList;
			buildConfigurations = (
				1CC38F361D74439900DC6F3B /* Debug */,
				1CC38F371D74439900DC6F3B /* Release */,
			);
			defaultConfigurationIsVisible = 0;
			defaultConfigurationName = Release;
		};
		1CC38F381D74439900DC6F3B /* Build configuration list for PBXNativeTarget "BT2" */ = {
			isa = XCConfigurationList;
			buildConfigurations = (
				1CC38F391D74439900DC6F3B /* Debug */,
				1CC38F3A1D74439900DC6F3B /* Release */,
			);
			defaultConfigurationIsVisible = 0;
			defaultConfigurationName = Release;
		};
/* End XCConfigurationList section */
	};
	rootObject = 1CC38F191D74439000DC6F3B /* Project object */;
}
